// !$*UTF8*$!
{
	archiveVersion = 1;
	classes = {
	};
	objectVersion = 77;
	objects = {

/* Begin PBXBuildFile section */
		240C314A2F8DD2850060B73F /* NIOSSH in Frameworks */ = {isa = PBXBuildFile; productRef = 240C31492F8DD2850060B73F /* NIOSSH */; };
		4A7E90012F9F000100A10001 /* OrbitalLiveActivityExtension.appex in Embed App Extensions */ = {isa = PBXBuildFile; fileRef = 4A7E90002F9F000100A10001 /* OrbitalLiveActivityExtension.appex */; settings = {ATTRIBUTES = (RemoveHeadersOnCopy, ); }; };
		4A7E900A2F9F000100A10001 /* ServerHealthActivityAttributes.swift in Sources */ = {isa = PBXBuildFile; fileRef = 4A7E90042F9F000100A10001 /* ServerHealthActivityAttributes.swift */; };
		4A7E900B2F9F000100A10001 /* ServerHealthActivityAttributes.swift in Sources */ = {isa = PBXBuildFile; fileRef = 4A7E90042F9F000100A10001 /* ServerHealthActivityAttributes.swift */; };
		4A7E900C2F9F000100A10001 /* OrbitalLiveActivityBundle.swift in Sources */ = {isa = PBXBuildFile; fileRef = 4A7E90062F9F000100A10001 /* OrbitalLiveActivityBundle.swift */; };
		4A7E900D2F9F000100A10001 /* ServerHealthLiveActivityWidget.swift in Sources */ = {isa = PBXBuildFile; fileRef = 4A7E90072F9F000100A10001 /* ServerHealthLiveActivityWidget.swift */; };
		31A0E3014CC6A7B300C3A111 /* Vendor/Build/LibsshVendor.xcframework in Frameworks */ = {isa = PBXBuildFile; fileRef = 31A0E3004CC6A7B300C3A111 /* Vendor/Build/LibsshVendor.xcframework */; };
/* End PBXBuildFile section */

/* Begin PBXContainerItemProxy section */
		240C30FB2F8DC61E0060B73F /* PBXContainerItemProxy */ = {
			isa = PBXContainerItemProxy;
			containerPortal = 240C30E32F8DC61B0060B73F /* Project object */;
			proxyType = 1;
			remoteGlobalIDString = 240C30EA2F8DC61B0060B73F;
			remoteInfo = Orbital;
		};
		240C31052F8DC61E0060B73F /* PBXContainerItemProxy */ = {
			isa = PBXContainerItemProxy;
			containerPortal = 240C30E32F8DC61B0060B73F /* Project object */;
			proxyType = 1;
			remoteGlobalIDString = 240C30EA2F8DC61B0060B73F;
			remoteInfo = Orbital;
		};
		4A7E901A2F9F000100A10001 /* PBXContainerItemProxy */ = {
			isa = PBXContainerItemProxy;
			containerPortal = 240C30E32F8DC61B0060B73F /* Project object */;
			proxyType = 1;
			remoteGlobalIDString = 4A7E900E2F9F000100A10001;
			remoteInfo = OrbitalLiveActivityExtension;
		};
/* End PBXContainerItemProxy section */

/* Begin PBXFileReference section */
		240C30EB2F8DC61B0060B73F /* Orbital.app */ = {isa = PBXFileReference; explicitFileType = wrapper.application; includeInIndex = 0; path = Orbital.app; sourceTree = BUILT_PRODUCTS_DIR; };
		240C30FA2F8DC61E0060B73F /* OrbitalTests.xctest */ = {isa = PBXFileReference; explicitFileType = wrapper.cfbundle; includeInIndex = 0; path = OrbitalTests.xctest; sourceTree = BUILT_PRODUCTS_DIR; };
		240C31042F8DC61E0060B73F /* OrbitalUITests.xctest */ = {isa = PBXFileReference; explicitFileType = wrapper.cfbundle; includeInIndex = 0; path = OrbitalUITests.xctest; sourceTree = BUILT_PRODUCTS_DIR; };
		4A7E90002F9F000100A10001 /* OrbitalLiveActivityExtension.appex */ = {isa = PBXFileReference; explicitFileType = "wrapper.app-extension"; includeInIndex = 0; path = OrbitalLiveActivityExtension.appex; sourceTree = BUILT_PRODUCTS_DIR; };
		4A7E90042F9F000100A10001 /* ServerHealthActivityAttributes.swift */ = {isa = PBXFileReference; lastKnownFileType = sourcecode.swift; path = ServerHealthActivityAttributes.swift; sourceTree = "<group>"; };
		4A7E90062F9F000100A10001 /* OrbitalLiveActivityBundle.swift */ = {isa = PBXFileReference; lastKnownFileType = sourcecode.swift; path = OrbitalLiveActivityBundle.swift; sourceTree = "<group>"; };
		4A7E90072F9F000100A10001 /* ServerHealthLiveActivityWidget.swift */ = {isa = PBXFileReference; lastKnownFileType = sourcecode.swift; path = ServerHealthLiveActivityWidget.swift; sourceTree = "<group>"; };
		4A7E901C2F9F000100A10001 /* Info.plist */ = {isa = PBXFileReference; lastKnownFileType = text.plist.xml; path = Info.plist; sourceTree = "<group>"; };
		31A0E3004CC6A7B300C3A111 /* Vendor/Build/LibsshVendor.xcframework */ = {isa = PBXFileReference; lastKnownFileType = wrapper.xcframework; path = Vendor/Build/LibsshVendor.xcframework; sourceTree = "<group>"; };
/* End PBXFileReference section */

/* Begin PBXFileSystemSynchronizedRootGroup section */
		240C30ED2F8DC61B0060B73F /* Orbital */ = {
			isa = PBXFileSystemSynchronizedRootGroup;
			path = Orbital;
			sourceTree = "<group>";
		};
		240C30FD2F8DC61E0060B73F /* OrbitalTests */ = {
			isa = PBXFileSystemSynchronizedRootGroup;
			path = OrbitalTests;
			sourceTree = "<group>";
		};
		240C31072F8DC61E0060B73F /* OrbitalUITests */ = {
			isa = PBXFileSystemSynchronizedRootGroup;
			path = OrbitalUITests;
			sourceTree = "<group>";
		};
/* End PBXFileSystemSynchronizedRootGroup section */

/* Begin PBXFrameworksBuildPhase section */
		240C30E82F8DC61B0060B73F /* Frameworks */ = {
			isa = PBXFrameworksBuildPhase;
			buildActionMask = 2147483647;
			files = (
				31A0E3014CC6A7B300C3A111 /* Vendor/Build/LibsshVendor.xcframework in Frameworks */,
				240C314A2F8DD2850060B73F /* NIOSSH in Frameworks */,
			);
			runOnlyForDeploymentPostprocessing = 0;
		};
		240C30F72F8DC61E0060B73F /* Frameworks */ = {
			isa = PBXFrameworksBuildPhase;
			buildActionMask = 2147483647;
			files = (
			);
			runOnlyForDeploymentPostprocessing = 0;
		};
		240C31012F8DC61E0060B73F /* Frameworks */ = {
			isa = PBXFrameworksBuildPhase;
			buildActionMask = 2147483647;
			files = (
			);
			runOnlyForDeploymentPostprocessing = 0;
		};
		4A7E90132F9F000100A10001 /* Frameworks */ = {
			isa = PBXFrameworksBuildPhase;
			buildActionMask = 2147483647;
			files = (
			);
			runOnlyForDeploymentPostprocessing = 0;
		};
/* End PBXFrameworksBuildPhase section */

/* Begin PBXCopyFilesBuildPhase section */
		4A7E90122F9F000100A10001 /* Embed App Extensions */ = {
			isa = PBXCopyFilesBuildPhase;
			buildActionMask = 2147483647;
			dstPath = "";
			dstSubfolderSpec = 13;
			files = (
				4A7E90012F9F000100A10001 /* OrbitalLiveActivityExtension.appex in Embed App Extensions */,
			);
			name = "Embed App Extensions";
			runOnlyForDeploymentPostprocessing = 0;
		};
/* End PBXCopyFilesBuildPhase section */

/* Begin PBXGroup section */
		240C30E22F8DC61B0060B73F = {
			isa = PBXGroup;
			children = (
				31A0E3004CC6A7B300C3A111 /* Vendor/Build/LibsshVendor.xcframework */,
				240C30ED2F8DC61B0060B73F /* Orbital */,
				4A7E90022F9F000100A10001 /* SharedLiveActivity */,
				4A7E90052F9F000100A10001 /* OrbitalLiveActivityExtension */,
				240C30FD2F8DC61E0060B73F /* OrbitalTests */,
				240C31072F8DC61E0060B73F /* OrbitalUITests */,
				240C30EC2F8DC61B0060B73F /* Products */,
			);
			sourceTree = "<group>";
		};
		240C30EC2F8DC61B0060B73F /* Products */ = {
			isa = PBXGroup;
			children = (
				240C30EB2F8DC61B0060B73F /* Orbital.app */,
				240C30FA2F8DC61E0060B73F /* OrbitalTests.xctest */,
				240C31042F8DC61E0060B73F /* OrbitalUITests.xctest */,
				4A7E90002F9F000100A10001 /* OrbitalLiveActivityExtension.appex */,
			);
			name = Products;
			sourceTree = "<group>";
		};
		4A7E90022F9F000100A10001 /* SharedLiveActivity */ = {
			isa = PBXGroup;
			children = (
				4A7E90042F9F000100A10001 /* ServerHealthActivityAttributes.swift */,
			);
			path = SharedLiveActivity;
			sourceTree = "<group>";
		};
		4A7E90052F9F000100A10001 /* OrbitalLiveActivityExtension */ = {
			isa = PBXGroup;
			children = (
				4A7E901C2F9F000100A10001 /* Info.plist */,
				4A7E90062F9F000100A10001 /* OrbitalLiveActivityBundle.swift */,
				4A7E90072F9F000100A10001 /* ServerHealthLiveActivityWidget.swift */,
			);
			path = OrbitalLiveActivityExtension;
			sourceTree = "<group>";
		};
/* End PBXGroup section */

/* Begin PBXNativeTarget section */
		240C30EA2F8DC61B0060B73F /* Orbital */ = {
			isa = PBXNativeTarget;
			buildConfigurationList = 240C310E2F8DC61E0060B73F /* Build configuration list for PBXNativeTarget "Orbital" */;
			buildPhases = (
				240C30E72F8DC61B0060B73F /* Sources */,
				240C30E82F8DC61B0060B73F /* Frameworks */,
				240C30E92F8DC61B0060B73F /* Resources */,
				4A7E90122F9F000100A10001 /* Embed App Extensions */,
			);
			buildRules = (
			);
			dependencies = (
				4A7E901B2F9F000100A10001 /* PBXTargetDependency */,
			);
			fileSystemSynchronizedGroups = (
				240C30ED2F8DC61B0060B73F /* Orbital */,
			);
			name = Orbital;
			packageProductDependencies = (
				240C31492F8DD2850060B73F /* NIOSSH */,
			);
			productName = Orbital;
			productReference = 240C30EB2F8DC61B0060B73F /* Orbital.app */;
			productType = "com.apple.product-type.application";
		};
		240C30F92F8DC61E0060B73F /* OrbitalTests */ = {
			isa = PBXNativeTarget;
			buildConfigurationList = 240C31112F8DC61E0060B73F /* Build configuration list for PBXNativeTarget "OrbitalTests" */;
			buildPhases = (
				240C30F62F8DC61E0060B73F /* Sources */,
				240C30F72F8DC61E0060B73F /* Frameworks */,
				240C30F82F8DC61E0060B73F /* Resources */,
			);
			buildRules = (
			);
			dependencies = (
				240C30FC2F8DC61E0060B73F /* PBXTargetDependency */,
			);
			fileSystemSynchronizedGroups = (
				240C30FD2F8DC61E0060B73F /* OrbitalTests */,
			);
			name = OrbitalTests;
			packageProductDependencies = (
			);
			productName = OrbitalTests;
			productReference = 240C30FA2F8DC61E0060B73F /* OrbitalTests.xctest */;
			productType = "com.apple.product-type.bundle.unit-test";
		};
		240C31032F8DC61E0060B73F /* OrbitalUITests */ = {
			isa = PBXNativeTarget;
			buildConfigurationList = 240C31142F8DC61E0060B73F /* Build configuration list for PBXNativeTarget "OrbitalUITests" */;
			buildPhases = (
				240C31002F8DC61E0060B73F /* Sources */,
				240C31012F8DC61E0060B73F /* Frameworks */,
				240C31022F8DC61E0060B73F /* Resources */,
			);
			buildRules = (
			);
			dependencies = (
				240C31062F8DC61E0060B73F /* PBXTargetDependency */,
			);
			fileSystemSynchronizedGroups = (
				240C31072F8DC61E0060B73F /* OrbitalUITests */,
			);
			name = OrbitalUITests;
			packageProductDependencies = (
			);
			productName = OrbitalUITests;
			productReference = 240C31042F8DC61E0060B73F /* OrbitalUITests.xctest */;
			productType = "com.apple.product-type.bundle.ui-testing";
		};
		4A7E900E2F9F000100A10001 /* OrbitalLiveActivityExtension */ = {
			isa = PBXNativeTarget;
			buildConfigurationList = 4A7E90192F9F000100A10001 /* Build configuration list for PBXNativeTarget "OrbitalLiveActivityExtension" */;
			buildPhases = (
				4A7E90102F9F000100A10001 /* Sources */,
				4A7E90132F9F000100A10001 /* Frameworks */,
				4A7E90142F9F000100A10001 /* Resources */,
			);
			buildRules = (
			);
			dependencies = (
			);
			name = OrbitalLiveActivityExtension;
			packageProductDependencies = (
			);
			productName = OrbitalLiveActivityExtension;
			productReference = 4A7E90002F9F000100A10001 /* OrbitalLiveActivityExtension.appex */;
			productType = "com.apple.product-type.app-extension";
		};
/* End PBXNativeTarget section */

/* Begin PBXProject section */
		240C30E32F8DC61B0060B73F /* Project object */ = {
			isa = PBXProject;
			attributes = {
				BuildIndependentTargetsInParallel = 1;
				LastSwiftUpdateCheck = 2640;
				LastUpgradeCheck = 2640;
				TargetAttributes = {
					240C30EA2F8DC61B0060B73F = {
						CreatedOnToolsVersion = 26.4;
					};
					240C30F92F8DC61E0060B73F = {
						CreatedOnToolsVersion = 26.4;
						TestTargetID = 240C30EA2F8DC61B0060B73F;
					};
					240C31032F8DC61E0060B73F = {
						CreatedOnToolsVersion = 26.4;
						TestTargetID = 240C30EA2F8DC61B0060B73F;
					};
					4A7E900E2F9F000100A10001 = {
						CreatedOnToolsVersion = 26.4;
					};
				};
			};
			buildConfigurationList = 240C30E62F8DC61B0060B73F /* Build configuration list for PBXProject "Orbital" */;
			developmentRegion = en;
			hasScannedForEncodings = 0;
			knownRegions = (
				en,
				Base,
			);
			mainGroup = 240C30E22F8DC61B0060B73F;
			minimizedProjectReferenceProxies = 1;
			packageReferences = (
				240C31482F8DD2850060B73F /* XCRemoteSwiftPackageReference "swift-nio-ssh" */,
			);
			preferredProjectObjectVersion = 77;
			productRefGroup = 240C30EC2F8DC61B0060B73F /* Products */;
			projectDirPath = "";
			projectRoot = "";
			targets = (
				240C30EA2F8DC61B0060B73F /* Orbital */,
				240C30F92F8DC61E0060B73F /* OrbitalTests */,
				240C31032F8DC61E0060B73F /* OrbitalUITests */,
				4A7E900E2F9F000100A10001 /* OrbitalLiveActivityExtension */,
			);
		};
/* End PBXProject section */

/* Begin PBXResourcesBuildPhase section */
		240C30E92F8DC61B0060B73F /* Resources */ = {
			isa = PBXResourcesBuildPhase;
			buildActionMask = 2147483647;
			files = (
			);
			runOnlyForDeploymentPostprocessing = 0;
		};
		240C30F82F8DC61E0060B73F /* Resources */ = {
			isa = PBXResourcesBuildPhase;
			buildActionMask = 2147483647;
			files = (
			);
			runOnlyForDeploymentPostprocessing = 0;
		};
		240C31022F8DC61E0060B73F /* Resources */ = {
			isa = PBXResourcesBuildPhase;
			buildActionMask = 2147483647;
			files = (
			);
			runOnlyForDeploymentPostprocessing = 0;
		};
		4A7E90142F9F000100A10001 /* Resources */ = {
			isa = PBXResourcesBuildPhase;
			buildActionMask = 2147483647;
			files = (
			);
			runOnlyForDeploymentPostprocessing = 0;
		};
/* End PBXResourcesBuildPhase section */

/* Begin PBXSourcesBuildPhase section */
		240C30E72F8DC61B0060B73F /* Sources */ = {
			isa = PBXSourcesBuildPhase;
			buildActionMask = 2147483647;
			files = (
				4A7E900A2F9F000100A10001 /* ServerHealthActivityAttributes.swift in Sources */,
			);
			runOnlyForDeploymentPostprocessing = 0;
		};
		240C30F62F8DC61E0060B73F /* Sources */ = {
			isa = PBXSourcesBuildPhase;
			buildActionMask = 2147483647;
			files = (
			);
			runOnlyForDeploymentPostprocessing = 0;
		};
		240C31002F8DC61E0060B73F /* Sources */ = {
			isa = PBXSourcesBuildPhase;
			buildActionMask = 2147483647;
			files = (
			);
			runOnlyForDeploymentPostprocessing = 0;
		};
		4A7E90102F9F000100A10001 /* Sources */ = {
			isa = PBXSourcesBuildPhase;
			buildActionMask = 2147483647;
			files = (
				4A7E900B2F9F000100A10001 /* ServerHealthActivityAttributes.swift in Sources */,
				4A7E900C2F9F000100A10001 /* OrbitalLiveActivityBundle.swift in Sources */,
				4A7E900D2F9F000100A10001 /* ServerHealthLiveActivityWidget.swift in Sources */,
			);
			runOnlyForDeploymentPostprocessing = 0;
		};
/* End PBXSourcesBuildPhase section */

/* Begin PBXTargetDependency section */
		240C30FC2F8DC61E0060B73F /* PBXTargetDependency */ = {
			isa = PBXTargetDependency;
			target = 240C30EA2F8DC61B0060B73F /* Orbital */;
			targetProxy = 240C30FB2F8DC61E0060B73F /* PBXContainerItemProxy */;
		};
		240C31062F8DC61E0060B73F /* PBXTargetDependency */ = {
			isa = PBXTargetDependency;
			target = 240C30EA2F8DC61B0060B73F /* Orbital */;
			targetProxy = 240C31052F8DC61E0060B73F /* PBXContainerItemProxy */;
		};
		4A7E901B2F9F000100A10001 /* PBXTargetDependency */ = {
			isa = PBXTargetDependency;
			target = 4A7E900E2F9F000100A10001 /* OrbitalLiveActivityExtension */;
			targetProxy = 4A7E901A2F9F000100A10001 /* PBXContainerItemProxy */;
		};
/* End PBXTargetDependency section */

/* Begin XCBuildConfiguration section */
		240C310C2F8DC61E0060B73F /* Debug */ = {
			isa = XCBuildConfiguration;
			buildSettings = {
				ALWAYS_SEARCH_USER_PATHS = NO;
				ASSETCATALOG_COMPILER_GENERATE_SWIFT_ASSET_SYMBOL_EXTENSIONS = YES;
				CLANG_ANALYZER_NONNULL = YES;
				CLANG_ANALYZER_NUMBER_OBJECT_CONVERSION = YES_AGGRESSIVE;
				CLANG_CXX_LANGUAGE_STANDARD = "gnu++20";
				CLANG_ENABLE_MODULES = YES;
				CLANG_ENABLE_OBJC_ARC = YES;
				CLANG_ENABLE_OBJC_WEAK = YES;
				CLANG_WARN_BLOCK_CAPTURE_AUTORELEASING = YES;
				CLANG_WARN_BOOL_CONVERSION = YES;
				CLANG_WARN_COMMA = YES;
				CLANG_WARN_CONSTANT_CONVERSION = YES;
				CLANG_WARN_DEPRECATED_OBJC_IMPLEMENTATIONS = YES;
				CLANG_WARN_DIRECT_OBJC_ISA_USAGE = YES_ERROR;
				CLANG_WARN_DOCUMENTATION_COMMENTS = YES;
				CLANG_WARN_EMPTY_BODY = YES;
				CLANG_WARN_ENUM_CONVERSION = YES;
				CLANG_WARN_INFINITE_RECURSION = YES;
				CLANG_WARN_INT_CONVERSION = YES;
				CLANG_WARN_NON_LITERAL_NULL_CONVERSION = YES;
				CLANG_WARN_OBJC_IMPLICIT_RETAIN_SELF = YES;
				CLANG_WARN_OBJC_LITERAL_CONVERSION = YES;
				CLANG_WARN_OBJC_ROOT_CLASS = YES_ERROR;
				CLANG_WARN_QUOTED_INCLUDE_IN_FRAMEWORK_HEADER = YES;
				CLANG_WARN_RANGE_LOOP_ANALYSIS = YES;
				CLANG_WARN_STRICT_PROTOTYPES = YES;
				CLANG_WARN_SUSPICIOUS_MOVE = YES;
				CLANG_WARN_UNGUARDED_AVAILABILITY = YES_AGGRESSIVE;
				CLANG_WARN_UNREACHABLE_CODE = YES;
				CLANG_WARN__DUPLICATE_METHOD_MATCH = YES;
				COPY_PHASE_STRIP = NO;
				DEBUG_INFORMATION_FORMAT = dwarf;
				DEVELOPMENT_TEAM = LZ3JY4ULL9;
				ENABLE_STRICT_OBJC_MSGSEND = YES;
				ENABLE_TESTABILITY = YES;
				ENABLE_USER_SCRIPT_SANDBOXING = YES;
				GCC_C_LANGUAGE_STANDARD = gnu17;
				GCC_DYNAMIC_NO_PIC = NO;
				GCC_NO_COMMON_BLOCKS = YES;
				GCC_OPTIMIZATION_LEVEL = 0;
				GCC_PREPROCESSOR_DEFINITIONS = (
					"DEBUG=1",
					"$(inherited)",
				);
				GCC_WARN_64_TO_32_BIT_CONVERSION = YES;
				GCC_WARN_ABOUT_RETURN_TYPE = YES_ERROR;
				GCC_WARN_UNDECLARED_SELECTOR = YES;
				GCC_WARN_UNINITIALIZED_AUTOS = YES_AGGRESSIVE;
				GCC_WARN_UNUSED_FUNCTION = YES;
				GCC_WARN_UNUSED_VARIABLE = YES;
				IPHONEOS_DEPLOYMENT_TARGET = 26.4;
				LOCALIZATION_PREFERS_STRING_CATALOGS = YES;
				MTL_ENABLE_DEBUG_INFO = INCLUDE_SOURCE;
				MTL_FAST_MATH = YES;
				ONLY_ACTIVE_ARCH = YES;
				SDKROOT = iphoneos;
				SWIFT_ACTIVE_COMPILATION_CONDITIONS = "DEBUG $(inherited)";
				SWIFT_OPTIMIZATION_LEVEL = "-Onone";
			};
			name = Debug;
		};
		240C310D2F8DC61E0060B73F /* Release */ = {
			isa = XCBuildConfiguration;
			buildSettings = {
				ALWAYS_SEARCH_USER_PATHS = NO;
				ASSETCATALOG_COMPILER_GENERATE_SWIFT_ASSET_SYMBOL_EXTENSIONS = YES;
				CLANG_ANALYZER_NONNULL = YES;
				CLANG_ANALYZER_NUMBER_OBJECT_CONVERSION = YES_AGGRESSIVE;
				CLANG_CXX_LANGUAGE_STANDARD = "gnu++20";
				CLANG_ENABLE_MODULES = YES;
				CLANG_ENABLE_OBJC_ARC = YES;
				CLANG_ENABLE_OBJC_WEAK = YES;
				CLANG_WARN_BLOCK_CAPTURE_AUTORELEASING = YES;
				CLANG_WARN_BOOL_CONVERSION = YES;
				CLANG_WARN_COMMA = YES;
				CLANG_WARN_CONSTANT_CONVERSION = YES;
				CLANG_WARN_DEPRECATED_OBJC_IMPLEMENTATIONS = YES;
				CLANG_WARN_DIRECT_OBJC_ISA_USAGE = YES_ERROR;
				CLANG_WARN_DOCUMENTATION_COMMENTS = YES;
				CLANG_WARN_EMPTY_BODY = YES;
				CLANG_WARN_ENUM_CONVERSION = YES;
				CLANG_WARN_INFINITE_RECURSION = YES;
				CLANG_WARN_INT_CONVERSION = YES;
				CLANG_WARN_NON_LITERAL_NULL_CONVERSION = YES;
				CLANG_WARN_OBJC_IMPLICIT_RETAIN_SELF = YES;
				CLANG_WARN_OBJC_LITERAL_CONVERSION = YES;
				CLANG_WARN_OBJC_ROOT_CLASS = YES_ERROR;
				CLANG_WARN_QUOTED_INCLUDE_IN_FRAMEWORK_HEADER = YES;
				CLANG_WARN_RANGE_LOOP_ANALYSIS = YES;
				CLANG_WARN_STRICT_PROTOTYPES = YES;
				CLANG_WARN_SUSPICIOUS_MOVE = YES;
				CLANG_WARN_UNGUARDED_AVAILABILITY = YES_AGGRESSIVE;
				CLANG_WARN_UNREACHABLE_CODE = YES;
				CLANG_WARN__DUPLICATE_METHOD_MATCH = YES;
				COPY_PHASE_STRIP = NO;
				DEBUG_INFORMATION_FORMAT = "dwarf-with-dsym";
				DEVELOPMENT_TEAM = LZ3JY4ULL9;
				ENABLE_NS_ASSERTIONS = NO;
				ENABLE_STRICT_OBJC_MSGSEND = YES;
				ENABLE_USER_SCRIPT_SANDBOXING = YES;
				GCC_C_LANGUAGE_STANDARD = gnu17;
				GCC_NO_COMMON_BLOCKS = YES;
				GCC_WARN_64_TO_32_BIT_CONVERSION = YES;
				GCC_WARN_ABOUT_RETURN_TYPE = YES_ERROR;
				GCC_WARN_UNDECLARED_SELECTOR = YES;
				GCC_WARN_UNINITIALIZED_AUTOS = YES_AGGRESSIVE;
				GCC_WARN_UNUSED_FUNCTION = YES;
				GCC_WARN_UNUSED_VARIABLE = YES;
				IPHONEOS_DEPLOYMENT_TARGET = 26.4;
				LOCALIZATION_PREFERS_STRING_CATALOGS = YES;
				MTL_ENABLE_DEBUG_INFO = NO;
				MTL_FAST_MATH = YES;
				SDKROOT = iphoneos;
				SWIFT_COMPILATION_MODE = wholemodule;
				VALIDATE_PRODUCT = YES;
			};
			name = Release;
		};
		240C310F2F8DC61E0060B73F /* Debug */ = {
			isa = XCBuildConfiguration;
			buildSettings = {
				ASSETCATALOG_COMPILER_APPICON_NAME = AppIcon;
				ASSETCATALOG_COMPILER_GLOBAL_ACCENT_COLOR_NAME = AccentColor;
				CODE_SIGN_STYLE = Automatic;
				CURRENT_PROJECT_VERSION = 1;
				DEVELOPMENT_TEAM = LZ3JY4ULL9;
				ENABLE_PREVIEWS = YES;
				GENERATE_INFOPLIST_FILE = YES;
				INFOPLIST_KEY_NSFaceIDUsageDescription = "Orbital uses Face ID to lock the app and protect access to your saved credentials.";
				INFOPLIST_KEY_NSSupportsLiveActivities = YES;
				INFOPLIST_KEY_UIApplicationSceneManifest_Generation = YES;
				INFOPLIST_KEY_UIApplicationSupportsIndirectInputEvents = YES;
				INFOPLIST_KEY_UILaunchScreen_Generation = YES;
				INFOPLIST_KEY_UISupportedInterfaceOrientations_iPad = "UIInterfaceOrientationPortrait UIInterfaceOrientationPortraitUpsideDown UIInterfaceOrientationLandscapeLeft UIInterfaceOrientationLandscapeRight";
				INFOPLIST_KEY_UISupportedInterfaceOrientations_iPhone = "UIInterfaceOrientationPortrait UIInterfaceOrientationLandscapeLeft UIInterfaceOrientationLandscapeRight";
				LD_RUNPATH_SEARCH_PATHS = (
					"$(inherited)",
					"@executable_path/Frameworks",
				);
				MARKETING_VERSION = 1.0;
				PRODUCT_BUNDLE_IDENTIFIER = dev.Orbital;
				PRODUCT_NAME = "$(TARGET_NAME)";
				STRING_CATALOG_GENERATE_SYMBOLS = YES;
				SWIFT_APPROACHABLE_CONCURRENCY = YES;
				SWIFT_DEFAULT_ACTOR_ISOLATION = MainActor;
				SWIFT_EMIT_LOC_STRINGS = YES;
				SWIFT_UPCOMING_FEATURE_MEMBER_IMPORT_VISIBILITY = YES;
				SWIFT_VERSION = 5.0;
				TARGETED_DEVICE_FAMILY = "1,2";
			};
			name = Debug;
		};
		240C31102F8DC61E0060B73F /* Release */ = {
			isa = XCBuildConfiguration;
			buildSettings = {
				ASSETCATALOG_COMPILER_APPICON_NAME = AppIcon;
				ASSETCATALOG_COMPILER_GLOBAL_ACCENT_COLOR_NAME = AccentColor;
				CODE_SIGN_STYLE = Automatic;
				CURRENT_PROJECT_VERSION = 1;
				DEVELOPMENT_TEAM = LZ3JY4ULL9;
				ENABLE_PREVIEWS = YES;
				GENERATE_INFOPLIST_FILE = YES;
				INFOPLIST_KEY_NSFaceIDUsageDescription = "Orbital uses Face ID to lock the app and protect access to your saved credentials.";
				INFOPLIST_KEY_NSSupportsLiveActivities = YES;
				INFOPLIST_KEY_UIApplicationSceneManifest_Generation = YES;
				INFOPLIST_KEY_UIApplicationSupportsIndirectInputEvents = YES;
				INFOPLIST_KEY_UILaunchScreen_Generation = YES;
				INFOPLIST_KEY_UISupportedInterfaceOrientations_iPad = "UIInterfaceOrientationPortrait UIInterfaceOrientationPortraitUpsideDown UIInterfaceOrientationLandscapeLeft UIInterfaceOrientationLandscapeRight";
				INFOPLIST_KEY_UISupportedInterfaceOrientations_iPhone = "UIInterfaceOrientationPortrait UIInterfaceOrientationLandscapeLeft UIInterfaceOrientationLandscapeRight";
				LD_RUNPATH_SEARCH_PATHS = (
					"$(inherited)",
					"@executable_path/Frameworks",
				);
				MARKETING_VERSION = 1.0;
				PRODUCT_BUNDLE_IDENTIFIER = dev.Orbital;
				PRODUCT_NAME = "$(TARGET_NAME)";
				STRING_CATALOG_GENERATE_SYMBOLS = YES;
				SWIFT_APPROACHABLE_CONCURRENCY = YES;
				SWIFT_DEFAULT_ACTOR_ISOLATION = MainActor;
				SWIFT_EMIT_LOC_STRINGS = YES;
				SWIFT_UPCOMING_FEATURE_MEMBER_IMPORT_VISIBILITY = YES;
				SWIFT_VERSION = 5.0;
				TARGETED_DEVICE_FAMILY = "1,2";
			};
			name = Release;
		};
		240C31122F8DC61E0060B73F /* Debug */ = {
			isa = XCBuildConfiguration;
			buildSettings = {
				BUNDLE_LOADER = "$(TEST_HOST)";
				CODE_SIGN_STYLE = Automatic;
				CURRENT_PROJECT_VERSION = 1;
				DEVELOPMENT_TEAM = LZ3JY4ULL9;
				GENERATE_INFOPLIST_FILE = YES;
				IPHONEOS_DEPLOYMENT_TARGET = 26.4;
				MARKETING_VERSION = 1.0;
				PRODUCT_BUNDLE_IDENTIFIER = dev.OrbitalTests;
				PRODUCT_NAME = "$(TARGET_NAME)";
				STRING_CATALOG_GENERATE_SYMBOLS = NO;
				SWIFT_APPROACHABLE_CONCURRENCY = YES;
				SWIFT_EMIT_LOC_STRINGS = NO;
				SWIFT_UPCOMING_FEATURE_MEMBER_IMPORT_VISIBILITY = YES;
				SWIFT_VERSION = 5.0;
				TARGETED_DEVICE_FAMILY = "1,2";
				TEST_HOST = "$(BUILT_PRODUCTS_DIR)/Orbital.app/$(BUNDLE_EXECUTABLE_FOLDER_PATH)/Orbital";
			};
			name = Debug;
		};
		240C31132F8DC61E0060B73F /* Release */ = {
			isa = XCBuildConfiguration;
			buildSettings = {
				BUNDLE_LOADER = "$(TEST_HOST)";
				CODE_SIGN_STYLE = Automatic;
				CURRENT_PROJECT_VERSION = 1;
				DEVELOPMENT_TEAM = LZ3JY4ULL9;
				GENERATE_INFOPLIST_FILE = YES;
				IPHONEOS_DEPLOYMENT_TARGET = 26.4;
				MARKETING_VERSION = 1.0;
				PRODUCT_BUNDLE_IDENTIFIER = dev.OrbitalTests;
				PRODUCT_NAME = "$(TARGET_NAME)";
				STRING_CATALOG_GENERATE_SYMBOLS = NO;
				SWIFT_APPROACHABLE_CONCURRENCY = YES;
				SWIFT_EMIT_LOC_STRINGS = NO;
				SWIFT_UPCOMING_FEATURE_MEMBER_IMPORT_VISIBILITY = YES;
				SWIFT_VERSION = 5.0;
				TARGETED_DEVICE_FAMILY = "1,2";
				TEST_HOST = "$(BUILT_PRODUCTS_DIR)/Orbital.app/$(BUNDLE_EXECUTABLE_FOLDER_PATH)/Orbital";
			};
			name = Release;
		};
		240C31152F8DC61E0060B73F /* Debug */ = {
			isa = XCBuildConfiguration;
			buildSettings = {
				CODE_SIGN_STYLE = Automatic;
				CURRENT_PROJECT_VERSION = 1;
				DEVELOPMENT_TEAM = LZ3JY4ULL9;
				GENERATE_INFOPLIST_FILE = YES;
				MARKETING_VERSION = 1.0;
				PRODUCT_BUNDLE_IDENTIFIER = dev.OrbitalUITests;
				PRODUCT_NAME = "$(TARGET_NAME)";
				STRING_CATALOG_GENERATE_SYMBOLS = NO;
				SWIFT_APPROACHABLE_CONCURRENCY = YES;
				SWIFT_EMIT_LOC_STRINGS = NO;
				SWIFT_UPCOMING_FEATURE_MEMBER_IMPORT_VISIBILITY = YES;
				SWIFT_VERSION = 5.0;
				TARGETED_DEVICE_FAMILY = "1,2";
				TEST_TARGET_NAME = Orbital;
			};
			name = Debug;
		};
		240C31162F8DC61E0060B73F /* Release */ = {
			isa = XCBuildConfiguration;
			buildSettings = {
				CODE_SIGN_STYLE = Automatic;
				CURRENT_PROJECT_VERSION = 1;
				DEVELOPMENT_TEAM = LZ3JY4ULL9;
				GENERATE_INFOPLIST_FILE = YES;
				MARKETING_VERSION = 1.0;
				PRODUCT_BUNDLE_IDENTIFIER = dev.OrbitalUITests;
				PRODUCT_NAME = "$(TARGET_NAME)";
				STRING_CATALOG_GENERATE_SYMBOLS = NO;
				SWIFT_APPROACHABLE_CONCURRENCY = YES;
				SWIFT_EMIT_LOC_STRINGS = NO;
				SWIFT_UPCOMING_FEATURE_MEMBER_IMPORT_VISIBILITY = YES;
				SWIFT_VERSION = 5.0;
				TARGETED_DEVICE_FAMILY = "1,2";
				TEST_TARGET_NAME = Orbital;
			};
			name = Release;
		};
		4A7E90172F9F000100A10001 /* Debug */ = {
			isa = XCBuildConfiguration;
			buildSettings = {
				APPLICATION_EXTENSION_API_ONLY = YES;
				CODE_SIGN_STYLE = Automatic;
				CURRENT_PROJECT_VERSION = 1;
				DEVELOPMENT_TEAM = LZ3JY4ULL9;
				GENERATE_INFOPLIST_FILE = NO;
				INFOPLIST_FILE = OrbitalLiveActivityExtension/Info.plist;
				IPHONEOS_DEPLOYMENT_TARGET = 26.4;
				MARKETING_VERSION = 1.0;
				PRODUCT_BUNDLE_IDENTIFIER = dev.Orbital.OrbitalLiveActivityExtension;
				PRODUCT_NAME = "$(TARGET_NAME)";
				SKIP_INSTALL = YES;
				STRING_CATALOG_GENERATE_SYMBOLS = NO;
				SWIFT_APPROACHABLE_CONCURRENCY = YES;
				SWIFT_EMIT_LOC_STRINGS = NO;
				SWIFT_UPCOMING_FEATURE_MEMBER_IMPORT_VISIBILITY = YES;
				SWIFT_VERSION = 5.0;
				TARGETED_DEVICE_FAMILY = "1,2";
			};
			name = Debug;
		};
		4A7E90182F9F000100A10001 /* Release */ = {
			isa = XCBuildConfiguration;
			buildSettings = {
				APPLICATION_EXTENSION_API_ONLY = YES;
				CODE_SIGN_STYLE = Automatic;
				CURRENT_PROJECT_VERSION = 1;
				DEVELOPMENT_TEAM = LZ3JY4ULL9;
				GENERATE_INFOPLIST_FILE = NO;
				INFOPLIST_FILE = OrbitalLiveActivityExtension/Info.plist;
				IPHONEOS_DEPLOYMENT_TARGET = 26.4;
				MARKETING_VERSION = 1.0;
				PRODUCT_BUNDLE_IDENTIFIER = dev.Orbital.OrbitalLiveActivityExtension;
				PRODUCT_NAME = "$(TARGET_NAME)";
				SKIP_INSTALL = YES;
				STRING_CATALOG_GENERATE_SYMBOLS = NO;
				SWIFT_APPROACHABLE_CONCURRENCY = YES;
				SWIFT_EMIT_LOC_STRINGS = NO;
				SWIFT_UPCOMING_FEATURE_MEMBER_IMPORT_VISIBILITY = YES;
				SWIFT_VERSION = 5.0;
				TARGETED_DEVICE_FAMILY = "1,2";
			};
			name = Release;
		};
/* End XCBuildConfiguration section */

/* Begin XCConfigurationList section */
		240C30E62F8DC61B0060B73F /* Build configuration list for PBXProject "Orbital" */ = {
			isa = XCConfigurationList;
			buildConfigurations = (
				240C310C2F8DC61E0060B73F /* Debug */,
				240C310D2F8DC61E0060B73F /* Release */,
			);
			defaultConfigurationIsVisible = 0;
			defaultConfigurationName = Release;
		};
		240C310E2F8DC61E0060B73F /* Build configuration list for PBXNativeTarget "Orbital" */ = {
			isa = XCConfigurationList;
			buildConfigurations = (
				240C310F2F8DC61E0060B73F /* Debug */,
				240C31102F8DC61E0060B73F /* Release */,
			);
			defaultConfigurationIsVisible = 0;
			defaultConfigurationName = Release;
		};
		240C31112F8DC61E0060B73F /* Build configuration list for PBXNativeTarget "OrbitalTests" */ = {
			isa = XCConfigurationList;
			buildConfigurations = (
				240C31122F8DC61E0060B73F /* Debug */,
				240C31132F8DC61E0060B73F /* Release */,
			);
			defaultConfigurationIsVisible = 0;
			defaultConfigurationName = Release;
		};
		240C31142F8DC61E0060B73F /* Build configuration list for PBXNativeTarget "OrbitalUITests" */ = {
			isa = XCConfigurationList;
			buildConfigurations = (
				240C31152F8DC61E0060B73F /* Debug */,
				240C31162F8DC61E0060B73F /* Release */,
			);
			defaultConfigurationIsVisible = 0;
			defaultConfigurationName = Release;
		};
		4A7E90192F9F000100A10001 /* Build configuration list for PBXNativeTarget "OrbitalLiveActivityExtension" */ = {
			isa = XCConfigurationList;
			buildConfigurations = (
				4A7E90172F9F000100A10001 /* Debug */,
				4A7E90182F9F000100A10001 /* Release */,
			);
			defaultConfigurationIsVisible = 0;
			defaultConfigurationName = Release;
		};
/* End XCConfigurationList section */

/* Begin XCRemoteSwiftPackageReference section */
		240C31482F8DD2850060B73F /* XCRemoteSwiftPackageReference "swift-nio-ssh" */ = {
			isa = XCRemoteSwiftPackageReference;
			repositoryURL = "https://github.com/apple/swift-nio-ssh.git";
			requirement = {
				kind = upToNextMajorVersion;
				minimumVersion = 0.12.0;
			};
		};
/* End XCRemoteSwiftPackageReference section */

/* Begin XCSwiftPackageProductDependency section */
		240C31492F8DD2850060B73F /* NIOSSH */ = {
			isa = XCSwiftPackageProductDependency;
			package = 240C31482F8DD2850060B73F /* XCRemoteSwiftPackageReference "swift-nio-ssh" */;
			productName = NIOSSH;
		};
/* End XCSwiftPackageProductDependency section */
	};
	rootObject = 240C30E32F8DC61B0060B73F /* Project object */;
}
